
Microsoft Visual Studio Solution File, Format Version 12.00
# Visual Studio Version 17
VisualStudioVersion = 17.0.32112.339
MinimumVisualStudioVersion = 10.0.40219.1
Project("{FAE04EC0-301F-11D3-BF4B-00C04F79EFBC}") = "NetflixDiscordStatus", "NetflixDiscordStatus\NetflixDiscordStatus.csproj", "{8005E877-CC2E-4E50-B385-972A20A15F26}"
EndProject
Global
	GlobalSection(SolutionConfigurationPlatforms) = preSolution
		Debug|Any CPU = Debug|Any CPU
		Release|Any CPU = Release|Any CPU
	EndGlobalSection
	GlobalSection(ProjectConfigurationPlatforms) = postSolution
		{8005E877-CC2E-4E50-B385-972A20A15F26}.Debug|Any CPU.ActiveCfg = Debug|Any CPU
		{8005E877-CC2E-4E50-B385-972A20A15F26}.Debug|Any CPU.Build.0 = Debug|Any CPU
		{8005E877-CC2E-4E50-B385-972A20A15F26}.Release|Any CPU.ActiveCfg = Release|Any CPU
		{8005E877-CC2E-4E50-B385-972A20A15F26}.Release|Any CPU.Build.0 = Release|Any CPU
	EndGlobalSection
	GlobalSection(SolutionProperties) = preSolution
		HideSolutionNode = FALSE
	EndGlobalSection
	GlobalSection(ExtensibilityGlobals) = postSolution
		SolutionGuid = {AC1FBB26-599B-40F4-A83B-404EEBEE158C}
	EndGlobalSection
EndGlobal
